
Microsoft Visual Studio Solution File, Format Version 12.00
# Visual Studio Version 16
VisualStudioVersion = 16.0.31702.278
MinimumVisualStudioVersion = 10.0.40219.1
Project("{8BC9CEB8-8B4A-11D0-8D11-00A0C91BC942}") = "morefunction", "morefunction\morefunction.vcxproj", "{8EF3C3FF-83AC-4738-9438-87806882BFCA}"
EndProject
Global
	GlobalSection(SolutionConfigurationPlatforms) = preSolution
		Debug|x64 = Debug|x64
		Debug|x86 = Debug|x86
		Release|x64 = Release|x64
		Release|x86 = Release|x86
	EndGlobalSection
	GlobalSection(ProjectConfigurationPlatforms) = postSolution
		{8EF3C3FF-83AC-4738-9438-87806882BFCA}.Debug|x64.ActiveCfg = Debug|x64
		{8EF3C3FF-83AC-4738-9438-87806882BFCA}.Debug|x64.Build.0 = Debug|x64
		{8EF3C3FF-83AC-4738-9438-87806882BFCA}.Debug|x86.ActiveCfg = Debug|Win32
		{8EF3C3FF-83AC-4738-9438-87806882BFCA}.Debug|x86.Build.0 = Debug|Win32
		{8EF3C3FF-83AC-4738-9438-87806882BFCA}.Release|x64.ActiveCfg = Release|x64
		{8EF3C3FF-83AC-4738-9438-87806882BFCA}.Release|x64.Build.0 = Release|x64
		{8EF3C3FF-83AC-4738-9438-87806882BFCA}.Release|x86.ActiveCfg = Release|Win32
		{8EF3C3FF-83AC-4738-9438-87806882BFCA}.Release|x86.Build.0 = Release|Win32
	EndGlobalSection
	GlobalSection(SolutionProperties) = preSolution
		HideSolutionNode = FALSE
	EndGlobalSection
	GlobalSection(ExtensibilityGlobals) = postSolution
		SolutionGuid = {54D3C2F5-7885-4310-B916-924D072E9F50}
	EndGlobalSection
EndGlobal
